// !$*UTF8*$!
{
	archiveVersion = 1;
	classes = {
	};
	objectVersion = 50;
	objects = {

/* Begin PBXBuildFile section */
		1D0C16FC713FB3D60E141ADE /* libPods-StudyApple.a in Frameworks */ = {isa = PBXBuildFile; fileRef = B886BC5E94092762FE953FD5 /* libPods-StudyApple.a */; };
		C00CDED0224089B8001D1A8B /* SABlueViewController.m in Sources */ = {isa = PBXBuildFile; fileRef = C00CDECF224089B8001D1A8B /* SABlueViewController.m */; };
		C021841421F574B10096B7DF /* SAMovieCell.m in Sources */ = {isa = PBXBuildFile; fileRef = C021841321F574B10096B7DF /* SAMovieCell.m */; };
		C021841621F5A9DA0096B7DF /* SAMovieBoard.storyboard in Resources */ = {isa = PBXBuildFile; fileRef = C021841521F5A9DA0096B7DF /* SAMovieBoard.storyboard */; };
		C0839E0A21E6E22800742C27 /* SACommonUtil.m in Sources */ = {isa = PBXBuildFile; fileRef = C0839E0921E6E22800742C27 /* SACommonUtil.m */; };
		C0839E1121E6EE7A00742C27 /* SAMeViewController.m in Sources */ = {isa = PBXBuildFile; fileRef = C0839E1021E6EE7A00742C27 /* SAMeViewController.m */; };
		C0839E1421E6F05600742C27 /* SAExploreViewController.m in Sources */ = {isa = PBXBuildFile; fileRef = C0839E1321E6F05600742C27 /* SAExploreViewController.m */; };
		C0839E1721E71DF600742C27 /* SAYellowViewController.m in Sources */ = {isa = PBXBuildFile; fileRef = C0839E1621E71DF600742C27 /* SAYellowViewController.m */; };
		C0839E1D21E723EA00742C27 /* SAMovie.m in Sources */ = {isa = PBXBuildFile; fileRef = C0839E1C21E723EA00742C27 /* SAMovie.m */; };
		C0839E2021E7240A00742C27 /* SAMovieWebService.m in Sources */ = {isa = PBXBuildFile; fileRef = C0839E1F21E7240A00742C27 /* SAMovieWebService.m */; };
		C085D1E7223A695500798126 /* Me.storyboard in Resources */ = {isa = PBXBuildFile; fileRef = C085D1E6223A695500798126 /* Me.storyboard */; };
		C0A6F4E521E5E33F00DEEDE5 /* SAAppDelegate.m in Sources */ = {isa = PBXBuildFile; fileRef = C0A6F4E421E5E33F00DEEDE5 /* SAAppDelegate.m */; };
		C0A6F4E821E5E33F00DEEDE5 /* SAMainViewController.m in Sources */ = {isa = PBXBuildFile; fileRef = C0A6F4E721E5E33F00DEEDE5 /* SAMainViewController.m */; };
		C0A6F4EB21E5E33F00DEEDE5 /* Main.storyboard in Resources */ = {isa = PBXBuildFile; fileRef = C0A6F4E921E5E33F00DEEDE5 /* Main.storyboard */; };
		C0A6F4ED21E5E34000DEEDE5 /* Assets.xcassets in Resources */ = {isa = PBXBuildFile; fileRef = C0A6F4EC21E5E34000DEEDE5 /* Assets.xcassets */; };
		C0A6F4F021E5E34000DEEDE5 /* LaunchScreen.storyboard in Resources */ = {isa = PBXBuildFile; fileRef = C0A6F4EE21E5E34000DEEDE5 /* LaunchScreen.storyboard */; };
		C0A6F4F321E5E34000DEEDE5 /* main.m in Sources */ = {isa = PBXBuildFile; fileRef = C0A6F4F221E5E34000DEEDE5 /* main.m */; };
		C0A6F4FD21E5E34000DEEDE5 /* StudyAppleTests.m in Sources */ = {isa = PBXBuildFile; fileRef = C0A6F4FC21E5E34000DEEDE5 /* StudyAppleTests.m */; };
		C0A6F50821E5E34000DEEDE5 /* StudyAppleUITests.m in Sources */ = {isa = PBXBuildFile; fileRef = C0A6F50721E5E34000DEEDE5 /* StudyAppleUITests.m */; };
		C0A6F51621E5EDD800DEEDE5 /* Podfile in Resources */ = {isa = PBXBuildFile; fileRef = C0A6F51521E5EDD800DEEDE5 /* Podfile */; };
		C0B36F1E2240CC33004346F0 /* SATabBarViewController.m in Sources */ = {isa = PBXBuildFile; fileRef = C0B36F1C2240CC33004346F0 /* SATabBarViewController.m */; };
		C0B36F212240CCB3004346F0 /* TabBar.storyboard in Resources */ = {isa = PBXBuildFile; fileRef = C0B36F202240CCB3004346F0 /* TabBar.storyboard */; };
		C0B36F242240D26F004346F0 /* SATabBarOneViewController.m in Sources */ = {isa = PBXBuildFile; fileRef = C0B36F232240D26F004346F0 /* SATabBarOneViewController.m */; };
		C0B36F272240D284004346F0 /* SATabBarTwoViewController.m in Sources */ = {isa = PBXBuildFile; fileRef = C0B36F262240D284004346F0 /* SATabBarTwoViewController.m */; };
		C0B36F292240E200004346F0 /* statedictionary.plist in Resources */ = {isa = PBXBuildFile; fileRef = C0B36F282240E200004346F0 /* statedictionary.plist */; };
		C0B36F2C2240EC3F004346F0 /* win.wav in Resources */ = {isa = PBXBuildFile; fileRef = C0B36F2A2240EC3E004346F0 /* win.wav */; };
		C0B36F2D2240EC3F004346F0 /* crunch.wav in Resources */ = {isa = PBXBuildFile; fileRef = C0B36F2B2240EC3F004346F0 /* crunch.wav */; };
		C0E61E9C21EF315E00D0268D /* SALoadMoreView.m in Sources */ = {isa = PBXBuildFile; fileRef = C0E61E9B21EF315E00D0268D /* SALoadMoreView.m */; };
/* End PBXBuildFile section */

/* Begin PBXContainerItemProxy section */
		C0A6F4F921E5E34000DEEDE5 /* PBXContainerItemProxy */ = {
			isa = PBXContainerItemProxy;
			containerPortal = C0A6F4D821E5E33F00DEEDE5 /* Project object */;
			proxyType = 1;
			remoteGlobalIDString = C0A6F4DF21E5E33F00DEEDE5;
			remoteInfo = StudyApple;
		};
		C0A6F50421E5E34000DEEDE5 /* PBXContainerItemProxy */ = {
			isa = PBXContainerItemProxy;
			containerPortal = C0A6F4D821E5E33F00DEEDE5 /* Project object */;
			proxyType = 1;
			remoteGlobalIDString = C0A6F4DF21E5E33F00DEEDE5;
			remoteInfo = StudyApple;
		};
/* End PBXContainerItemProxy section */

/* Begin PBXFileReference section */
		0352F17647B9790178C95AE5 /* Pods-StudyApple.release.xcconfig */ = {isa = PBXFileReference; includeInIndex = 1; lastKnownFileType = text.xcconfig; name = "Pods-StudyApple.release.xcconfig"; path = "Pods/Target Support Files/Pods-StudyApple/Pods-StudyApple.release.xcconfig"; sourceTree = "<group>"; };
		49EB0A5D8A34435CBA0A5E13 /* Pods-StudyApple.debug.xcconfig */ = {isa = PBXFileReference; includeInIndex = 1; lastKnownFileType = text.xcconfig; name = "Pods-StudyApple.debug.xcconfig"; path = "Pods/Target Support Files/Pods-StudyApple/Pods-StudyApple.debug.xcconfig"; sourceTree = "<group>"; };
		B886BC5E94092762FE953FD5 /* libPods-StudyApple.a */ = {isa = PBXFileReference; explicitFileType = archive.ar; includeInIndex = 0; path = "libPods-StudyApple.a"; sourceTree = BUILT_PRODUCTS_DIR; };
		C00CDECE224089B8001D1A8B /* SABlueViewController.h */ = {isa = PBXFileReference; lastKnownFileType = sourcecode.c.h; path = SABlueViewController.h; sourceTree = "<group>"; };
		C00CDECF224089B8001D1A8B /* SABlueViewController.m */ = {isa = PBXFileReference; lastKnownFileType = sourcecode.c.objc; path = SABlueViewController.m; sourceTree = "<group>"; };
		C021841221F5748E0096B7DF /* SAMovieCell.h */ = {isa = PBXFileReference; lastKnownFileType = sourcecode.c.h; path = SAMovieCell.h; sourceTree = "<group>"; };
		C021841321F574B10096B7DF /* SAMovieCell.m */ = {isa = PBXFileReference; lastKnownFileType = sourcecode.c.objc; path = SAMovieCell.m; sourceTree = "<group>"; };
		C021841521F5A9DA0096B7DF /* SAMovieBoard.storyboard */ = {isa = PBXFileReference; lastKnownFileType = file.storyboard; path = SAMovieBoard.storyboard; sourceTree = "<group>"; };
		C0839E0921E6E22800742C27 /* SACommonUtil.m */ = {isa = PBXFileReference; lastKnownFileType = sourcecode.c.objc; path = SACommonUtil.m; sourceTree = "<group>"; };
		C0839E0F21E6EE2700742C27 /* SAMeViewController.h */ = {isa = PBXFileReference; lastKnownFileType = sourcecode.c.h; path = SAMeViewController.h; sourceTree = "<group>"; };
		C0839E1021E6EE7A00742C27 /* SAMeViewController.m */ = {isa = PBXFileReference; lastKnownFileType = sourcecode.c.objc; path = SAMeViewController.m; sourceTree = "<group>"; };
		C0839E1221E6F02400742C27 /* SAExploreViewController.h */ = {isa = PBXFileReference; lastKnownFileType = sourcecode.c.h; path = SAExploreViewController.h; sourceTree = "<group>"; };
		C0839E1321E6F05600742C27 /* SAExploreViewController.m */ = {isa = PBXFileReference; lastKnownFileType = sourcecode.c.objc; path = SAExploreViewController.m; sourceTree = "<group>"; };
		C0839E1521E71DE400742C27 /* SAYellowViewController.h */ = {isa = PBXFileReference; lastKnownFileType = sourcecode.c.h; path = SAYellowViewController.h; sourceTree = "<group>"; };
		C0839E1621E71DF600742C27 /* SAYellowViewController.m */ = {isa = PBXFileReference; lastKnownFileType = sourcecode.c.objc; path = SAYellowViewController.m; sourceTree = "<group>"; };
		C0839E1B21E723DE00742C27 /* SAMovie.h */ = {isa = PBXFileReference; lastKnownFileType = sourcecode.c.h; path = SAMovie.h; sourceTree = "<group>"; };
		C0839E1C21E723EA00742C27 /* SAMovie.m */ = {isa = PBXFileReference; lastKnownFileType = sourcecode.c.objc; path = SAMovie.m; sourceTree = "<group>"; };
		C0839E1E21E723FD00742C27 /* SAMovieWebService.h */ = {isa = PBXFileReference; lastKnownFileType = sourcecode.c.h; path = SAMovieWebService.h; sourceTree = "<group>"; };
		C0839E1F21E7240A00742C27 /* SAMovieWebService.m */ = {isa = PBXFileReference; lastKnownFileType = sourcecode.c.objc; path = SAMovieWebService.m; sourceTree = "<group>"; };
		C085D1E6223A695500798126 /* Me.storyboard */ = {isa = PBXFileReference; lastKnownFileType = file.storyboard; path = Me.storyboard; sourceTree = "<group>"; };
		C0A6F4E021E5E33F00DEEDE5 /* StudyApple.app */ = {isa = PBXFileReference; explicitFileType = wrapper.application; includeInIndex = 0; path = StudyApple.app; sourceTree = BUILT_PRODUCTS_DIR; };
		C0A6F4E321E5E33F00DEEDE5 /* SAAppDelegate.h */ = {isa = PBXFileReference; lastKnownFileType = sourcecode.c.h; path = SAAppDelegate.h; sourceTree = "<group>"; };
		C0A6F4E421E5E33F00DEEDE5 /* SAAppDelegate.m */ = {isa = PBXFileReference; lastKnownFileType = sourcecode.c.objc; path = SAAppDelegate.m; sourceTree = "<group>"; };
		C0A6F4E621E5E33F00DEEDE5 /* SAMainViewController.h */ = {isa = PBXFileReference; lastKnownFileType = sourcecode.c.h; path = SAMainViewController.h; sourceTree = "<group>"; };
		C0A6F4E721E5E33F00DEEDE5 /* SAMainViewController.m */ = {isa = PBXFileReference; lastKnownFileType = sourcecode.c.objc; path = SAMainViewController.m; sourceTree = "<group>"; };
		C0A6F4EA21E5E33F00DEEDE5 /* Base */ = {isa = PBXFileReference; lastKnownFileType = file.storyboard; name = Base; path = Base.lproj/Main.storyboard; sourceTree = "<group>"; };
		C0A6F4EC21E5E34000DEEDE5 /* Assets.xcassets */ = {isa = PBXFileReference; lastKnownFileType = folder.assetcatalog; path = Assets.xcassets; sourceTree = "<group>"; };
		C0A6F4EF21E5E34000DEEDE5 /* Base */ = {isa = PBXFileReference; lastKnownFileType = file.storyboard; name = Base; path = Base.lproj/LaunchScreen.storyboard; sourceTree = "<group>"; };
		C0A6F4F121E5E34000DEEDE5 /* Info.plist */ = {isa = PBXFileReference; lastKnownFileType = text.plist.xml; path = Info.plist; sourceTree = "<group>"; };
		C0A6F4F221E5E34000DEEDE5 /* main.m */ = {isa = PBXFileReference; lastKnownFileType = sourcecode.c.objc; path = main.m; sourceTree = "<group>"; };
		C0A6F4F821E5E34000DEEDE5 /* StudyAppleTests.xctest */ = {isa = PBXFileReference; explicitFileType = wrapper.cfbundle; includeInIndex = 0; path = StudyAppleTests.xctest; sourceTree = BUILT_PRODUCTS_DIR; };
		C0A6F4FC21E5E34000DEEDE5 /* StudyAppleTests.m */ = {isa = PBXFileReference; lastKnownFileType = sourcecode.c.objc; path = StudyAppleTests.m; sourceTree = "<group>"; };
		C0A6F4FE21E5E34000DEEDE5 /* Info.plist */ = {isa = PBXFileReference; lastKnownFileType = text.plist.xml; path = Info.plist; sourceTree = "<group>"; };
		C0A6F50321E5E34000DEEDE5 /* StudyAppleUITests.xctest */ = {isa = PBXFileReference; explicitFileType = wrapper.cfbundle; includeInIndex = 0; path = StudyAppleUITests.xctest; sourceTree = BUILT_PRODUCTS_DIR; };
		C0A6F50721E5E34000DEEDE5 /* StudyAppleUITests.m */ = {isa = PBXFileReference; lastKnownFileType = sourcecode.c.objc; path = StudyAppleUITests.m; sourceTree = "<group>"; };
		C0A6F50921E5E34000DEEDE5 /* Info.plist */ = {isa = PBXFileReference; lastKnownFileType = text.plist.xml; path = Info.plist; sourceTree = "<group>"; };
		C0A6F51521E5EDD800DEEDE5 /* Podfile */ = {isa = PBXFileReference; lastKnownFileType = text; path = Podfile; sourceTree = "<group>"; xcLanguageSpecificationIdentifier = xcode.lang.ruby; };
		C0A6F52721E5FD2600DEEDE5 /* SACommonUtil.h */ = {isa = PBXFileReference; lastKnownFileType = sourcecode.c.h; path = SACommonUtil.h; sourceTree = "<group>"; };
		C0B36F1B2240CC33004346F0 /* SATabBarViewController.h */ = {isa = PBXFileReference; lastKnownFileType = sourcecode.c.h; path = SATabBarViewController.h; sourceTree = "<group>"; };
		C0B36F1C2240CC33004346F0 /* SATabBarViewController.m */ = {isa = PBXFileReference; lastKnownFileType = sourcecode.c.objc; path = SATabBarViewController.m; sourceTree = "<group>"; };
		C0B36F202240CCB3004346F0 /* TabBar.storyboard */ = {isa = PBXFileReference; lastKnownFileType = file.storyboard; path = TabBar.storyboard; sourceTree = "<group>"; };
		C0B36F222240D26F004346F0 /* SATabBarOneViewController.h */ = {isa = PBXFileReference; lastKnownFileType = sourcecode.c.h; path = SATabBarOneViewController.h; sourceTree = "<group>"; };
		C0B36F232240D26F004346F0 /* SATabBarOneViewController.m */ = {isa = PBXFileReference; lastKnownFileType = sourcecode.c.objc; path = SATabBarOneViewController.m; sourceTree = "<group>"; };
		C0B36F252240D284004346F0 /* SATabBarTwoViewController.h */ = {isa = PBXFileReference; lastKnownFileType = sourcecode.c.h; path = SATabBarTwoViewController.h; sourceTree = "<group>"; };
		C0B36F262240D284004346F0 /* SATabBarTwoViewController.m */ = {isa = PBXFileReference; lastKnownFileType = sourcecode.c.objc; path = SATabBarTwoViewController.m; sourceTree = "<group>"; };
		C0B36F282240E200004346F0 /* statedictionary.plist */ = {isa = PBXFileReference; fileEncoding = 4; lastKnownFileType = text.plist.xml; path = statedictionary.plist; sourceTree = "<group>"; };
		C0B36F2A2240EC3E004346F0 /* win.wav */ = {isa = PBXFileReference; lastKnownFileType = audio.wav; path = win.wav; sourceTree = "<group>"; };
		C0B36F2B2240EC3F004346F0 /* crunch.wav */ = {isa = PBXFileReference; lastKnownFileType = audio.wav; path = crunch.wav; sourceTree = "<group>"; };
		C0E61E9A21EF30F600D0268D /* SALoadMoreView.h */ = {isa = PBXFileReference; lastKnownFileType = sourcecode.c.h; path = SALoadMoreView.h; sourceTree = "<group>"; };
		C0E61E9B21EF315E00D0268D /* SALoadMoreView.m */ = {isa = PBXFileReference; lastKnownFileType = sourcecode.c.objc; path = SALoadMoreView.m; sourceTree = "<group>"; };
/* End PBXFileReference section */

/* Begin PBXFrameworksBuildPhase section */
		C0A6F4DD21E5E33F00DEEDE5 /* Frameworks */ = {
			isa = PBXFrameworksBuildPhase;
			buildActionMask = 2147483647;
			files = (
				1D0C16FC713FB3D60E141ADE /* libPods-StudyApple.a in Frameworks */,
			);
			runOnlyForDeploymentPostprocessing = 0;
		};
		C0A6F4F521E5E34000DEEDE5 /* Frameworks */ = {
			isa = PBXFrameworksBuildPhase;
			buildActionMask = 2147483647;
			files = (
			);
			runOnlyForDeploymentPostprocessing = 0;
		};
		C0A6F50021E5E34000DEEDE5 /* Frameworks */ = {
			isa = PBXFrameworksBuildPhase;
			buildActionMask = 2147483647;
			files = (
			);
			runOnlyForDeploymentPostprocessing = 0;
		};
/* End PBXFrameworksBuildPhase section */

/* Begin PBXGroup section */
		9C44D617170752ECF174675D /* Pods */ = {
			isa = PBXGroup;
			children = (
				49EB0A5D8A34435CBA0A5E13 /* Pods-StudyApple.debug.xcconfig */,
				0352F17647B9790178C95AE5 /* Pods-StudyApple.release.xcconfig */,
			);
			name = Pods;
			sourceTree = "<group>";
		};
		C0839E0B21E6E55700742C27 /* Explore */ = {
			isa = PBXGroup;
			children = (
				C0839E1821E723B700742C27 /* Model */,
				C0839E0D21E6E57200742C27 /* View */,
				C0839E0C21E6E56800742C27 /* Controller */,
			);
			path = Explore;
			sourceTree = "<group>";
		};
		C0839E0C21E6E56800742C27 /* Controller */ = {
			isa = PBXGroup;
			children = (
				C021841221F5748E0096B7DF /* SAMovieCell.h */,
				C0839E1221E6F02400742C27 /* SAExploreViewController.h */,
				C021841321F574B10096B7DF /* SAMovieCell.m */,
				C0839E1321E6F05600742C27 /* SAExploreViewController.m */,
				C0E61E9A21EF30F600D0268D /* SALoadMoreView.h */,
				C0E61E9B21EF315E00D0268D /* SALoadMoreView.m */,
			);
			path = Controller;
			sourceTree = "<group>";
		};
		C0839E0D21E6E57200742C27 /* View */ = {
			isa = PBXGroup;
			children = (
				C021841521F5A9DA0096B7DF /* SAMovieBoard.storyboard */,
			);
			path = View;
			sourceTree = "<group>";
		};
		C0839E0E21E6EE0C00742C27 /* Controller */ = {
			isa = PBXGroup;
			children = (
				C0839E0F21E6EE2700742C27 /* SAMeViewController.h */,
				C0839E1021E6EE7A00742C27 /* SAMeViewController.m */,
			);
			path = Controller;
			sourceTree = "<group>";
		};
		C0839E1821E723B700742C27 /* Model */ = {
			isa = PBXGroup;
			children = (
				C0839E1A21E723C800742C27 /* Service */,
				C0839E1921E723C000742C27 /* Entity */,
			);
			path = Model;
			sourceTree = "<group>";
		};
		C0839E1921E723C000742C27 /* Entity */ = {
			isa = PBXGroup;
			children = (
				C0839E1B21E723DE00742C27 /* SAMovie.h */,
				C0839E1C21E723EA00742C27 /* SAMovie.m */,
			);
			path = Entity;
			sourceTree = "<group>";
		};
		C0839E1A21E723C800742C27 /* Service */ = {
			isa = PBXGroup;
			children = (
				C0839E1E21E723FD00742C27 /* SAMovieWebService.h */,
				C0839E1F21E7240A00742C27 /* SAMovieWebService.m */,
			);
			path = Service;
			sourceTree = "<group>";
		};
		C085D1E1223A68B900798126 /* View */ = {
			isa = PBXGroup;
			children = (
				C085D1E6223A695500798126 /* Me.storyboard */,
			);
			path = View;
			sourceTree = "<group>";
		};
		C0A6F4D721E5E33F00DEEDE5 = {
			isa = PBXGroup;
			children = (
				C0A6F51521E5EDD800DEEDE5 /* Podfile */,
				C0A6F4E221E5E33F00DEEDE5 /* StudyApple */,
				C0A6F4FB21E5E34000DEEDE5 /* StudyAppleTests */,
				C0A6F50621E5E34000DEEDE5 /* StudyAppleUITests */,
				C0A6F4E121E5E33F00DEEDE5 /* Products */,
				9C44D617170752ECF174675D /* Pods */,
				DC642BFEACB67FB228064A56 /* Frameworks */,
			);
			sourceTree = "<group>";
		};
		C0A6F4E121E5E33F00DEEDE5 /* Products */ = {
			isa = PBXGroup;
			children = (
				C0A6F4E021E5E33F00DEEDE5 /* StudyApple.app */,
				C0A6F4F821E5E34000DEEDE5 /* StudyAppleTests.xctest */,
				C0A6F50321E5E34000DEEDE5 /* StudyAppleUITests.xctest */,
			);
			name = Products;
			sourceTree = "<group>";
		};
		C0A6F4E221E5E33F00DEEDE5 /* StudyApple */ = {
			isa = PBXGroup;
			children = (
				C0A6F4EE21E5E34000DEEDE5 /* LaunchScreen.storyboard */,
				C0A6F4E321E5E33F00DEEDE5 /* SAAppDelegate.h */,
				C0A6F4F221E5E34000DEEDE5 /* main.m */,
				C0A6F4E421E5E33F00DEEDE5 /* SAAppDelegate.m */,
				C0A6F4F121E5E34000DEEDE5 /* Info.plist */,
				C0A6F4EC21E5E34000DEEDE5 /* Assets.xcassets */,
				C0A6F51E21E5F6B000DEEDE5 /* Common */,
				C0A6F51F21E5F6BA00DEEDE5 /* Feature */,
				C0A6F52021E5F6C700DEEDE5 /* Resource */,
				C0A6F51D21E5F69A00DEEDE5 /* Utility */,
			);
			path = StudyApple;
			sourceTree = "<group>";
		};
		C0A6F4FB21E5E34000DEEDE5 /* StudyAppleTests */ = {
			isa = PBXGroup;
			children = (
				C0A6F4FC21E5E34000DEEDE5 /* StudyAppleTests.m */,
				C0A6F4FE21E5E34000DEEDE5 /* Info.plist */,
			);
			path = StudyAppleTests;
			sourceTree = "<group>";
		};
		C0A6F50621E5E34000DEEDE5 /* StudyAppleUITests */ = {
			isa = PBXGroup;
			children = (
				C0A6F50721E5E34000DEEDE5 /* StudyAppleUITests.m */,
				C0A6F50921E5E34000DEEDE5 /* Info.plist */,
			);
			path = StudyAppleUITests;
			sourceTree = "<group>";
		};
		C0A6F51D21E5F69A00DEEDE5 /* Utility */ = {
			isa = PBXGroup;
			children = (
			);
			path = Utility;
			sourceTree = "<group>";
		};
		C0A6F51E21E5F6B000DEEDE5 /* Common */ = {
			isa = PBXGroup;
			children = (
				C0A6F52721E5FD2600DEEDE5 /* SACommonUtil.h */,
				C0839E0921E6E22800742C27 /* SACommonUtil.m */,
			);
			path = Common;
			sourceTree = "<group>";
		};
		C0A6F51F21E5F6BA00DEEDE5 /* Feature */ = {
			isa = PBXGroup;
			children = (
				C0B36F172240CB8A004346F0 /* TabBarDemo */,
				C0839E0B21E6E55700742C27 /* Explore */,
				C0A6F52321E5F6F500DEEDE5 /* Me */,
				C0A6F52121E5F6E000DEEDE5 /* Main */,
			);
			path = Feature;
			sourceTree = "<group>";
		};
		C0A6F52021E5F6C700DEEDE5 /* Resource */ = {
			isa = PBXGroup;
			children = (
			);
			path = Resource;
			sourceTree = "<group>";
		};
		C0A6F52121E5F6E000DEEDE5 /* Main */ = {
			isa = PBXGroup;
			children = (
				C0A6F52621E5FA2100DEEDE5 /* Controller */,
				C0A6F52521E5FA1900DEEDE5 /* View */,
				C0A6F52421E5FA0D00DEEDE5 /* Model */,
			);
			path = Main;
			sourceTree = "<group>";
		};
		C0A6F52321E5F6F500DEEDE5 /* Me */ = {
			isa = PBXGroup;
			children = (
				C085D1E1223A68B900798126 /* View */,
				C0839E0E21E6EE0C00742C27 /* Controller */,
			);
			path = Me;
			sourceTree = "<group>";
		};
		C0A6F52421E5FA0D00DEEDE5 /* Model */ = {
			isa = PBXGroup;
			children = (
			);
			path = Model;
			sourceTree = "<group>";
		};
		C0A6F52521E5FA1900DEEDE5 /* View */ = {
			isa = PBXGroup;
			children = (
				C0A6F4E921E5E33F00DEEDE5 /* Main.storyboard */,
			);
			path = View;
			sourceTree = "<group>";
		};
		C0A6F52621E5FA2100DEEDE5 /* Controller */ = {
			isa = PBXGroup;
			children = (
				C0A6F4E621E5E33F00DEEDE5 /* SAMainViewController.h */,
				C0A6F4E721E5E33F00DEEDE5 /* SAMainViewController.m */,
				C0839E1521E71DE400742C27 /* SAYellowViewController.h */,
				C0839E1621E71DF600742C27 /* SAYellowViewController.m */,
				C00CDECE224089B8001D1A8B /* SABlueViewController.h */,
				C00CDECF224089B8001D1A8B /* SABlueViewController.m */,
			);
			path = Controller;
			sourceTree = "<group>";
		};
		C0B36F172240CB8A004346F0 /* TabBarDemo */ = {
			isa = PBXGroup;
			children = (
				C0B36F2B2240EC3F004346F0 /* crunch.wav */,
				C0B36F2A2240EC3E004346F0 /* win.wav */,
				C0B36F282240E200004346F0 /* statedictionary.plist */,
				C0B36F1A2240CBD9004346F0 /* Controller */,
				C0B36F182240CBB1004346F0 /* View */,
			);
			path = TabBarDemo;
			sourceTree = "<group>";
		};
		C0B36F182240CBB1004346F0 /* View */ = {
			isa = PBXGroup;
			children = (
				C0B36F202240CCB3004346F0 /* TabBar.storyboard */,
			);
			path = View;
			sourceTree = "<group>";
		};
		C0B36F1A2240CBD9004346F0 /* Controller */ = {
			isa = PBXGroup;
			children = (
				C0B36F1B2240CC33004346F0 /* SATabBarViewController.h */,
				C0B36F1C2240CC33004346F0 /* SATabBarViewController.m */,
				C0B36F222240D26F004346F0 /* SATabBarOneViewController.h */,
				C0B36F232240D26F004346F0 /* SATabBarOneViewController.m */,
				C0B36F252240D284004346F0 /* SATabBarTwoViewController.h */,
				C0B36F262240D284004346F0 /* SATabBarTwoViewController.m */,
			);
			path = Controller;
			sourceTree = "<group>";
		};
		DC642BFEACB67FB228064A56 /* Frameworks */ = {
			isa = PBXGroup;
			children = (
				B886BC5E94092762FE953FD5 /* libPods-StudyApple.a */,
			);
			name = Frameworks;
			sourceTree = "<group>";
		};
/* End PBXGroup section */

/* Begin PBXNativeTarget section */
		C0A6F4DF21E5E33F00DEEDE5 /* StudyApple */ = {
			isa = PBXNativeTarget;
			buildConfigurationList = C0A6F50C21E5E34000DEEDE5 /* Build configuration list for PBXNativeTarget "StudyApple" */;
			buildPhases = (
				B71492CABBFB2400692CAA8A /* [CP] Check Pods Manifest.lock */,
				C0A6F4DC21E5E33F00DEEDE5 /* Sources */,
				C0A6F4DD21E5E33F00DEEDE5 /* Frameworks */,
				C0A6F4DE21E5E33F00DEEDE5 /* Resources */,
				2FD7A52035800BDE3B248E45 /* [CP] Copy Pods Resources */,
			);
			buildRules = (
			);
			dependencies = (
			);
			name = StudyApple;
			productName = StudyApple;
			productReference = C0A6F4E021E5E33F00DEEDE5 /* StudyApple.app */;
			productType = "com.apple.product-type.application";
		};
		C0A6F4F721E5E34000DEEDE5 /* StudyAppleTests */ = {
			isa = PBXNativeTarget;
			buildConfigurationList = C0A6F50F21E5E34000DEEDE5 /* Build configuration list for PBXNativeTarget "StudyAppleTests" */;
			buildPhases = (
				C0A6F4F421E5E34000DEEDE5 /* Sources */,
				C0A6F4F521E5E34000DEEDE5 /* Frameworks */,
				C0A6F4F621E5E34000DEEDE5 /* Resources */,
			);
			buildRules = (
			);
			dependencies = (
				C0A6F4FA21E5E34000DEEDE5 /* PBXTargetDependency */,
			);
			name = StudyAppleTests;
			productName = StudyAppleTests;
			productReference = C0A6F4F821E5E34000DEEDE5 /* StudyAppleTests.xctest */;
			productType = "com.apple.product-type.bundle.unit-test";
		};
		C0A6F50221E5E34000DEEDE5 /* StudyAppleUITests */ = {
			isa = PBXNativeTarget;
			buildConfigurationList = C0A6F51221E5E34000DEEDE5 /* Build configuration list for PBXNativeTarget "StudyAppleUITests" */;
			buildPhases = (
				C0A6F4FF21E5E34000DEEDE5 /* Sources */,
				C0A6F50021E5E34000DEEDE5 /* Frameworks */,
				C0A6F50121E5E34000DEEDE5 /* Resources */,
			);
			buildRules = (
			);
			dependencies = (
				C0A6F50521E5E34000DEEDE5 /* PBXTargetDependency */,
			);
			name = StudyAppleUITests;
			productName = StudyAppleUITests;
			productReference = C0A6F50321E5E34000DEEDE5 /* StudyAppleUITests.xctest */;
			productType = "com.apple.product-type.bundle.ui-testing";
		};
/* End PBXNativeTarget section */

/* Begin PBXProject section */
		C0A6F4D821E5E33F00DEEDE5 /* Project object */ = {
			isa = PBXProject;
			attributes = {
				LastUpgradeCheck = 1010;
				ORGANIZATIONNAME = liuzhenhui;
				TargetAttributes = {
					C0A6F4DF21E5E33F00DEEDE5 = {
						CreatedOnToolsVersion = 10.1;
					};
					C0A6F4F721E5E34000DEEDE5 = {
						CreatedOnToolsVersion = 10.1;
						TestTargetID = C0A6F4DF21E5E33F00DEEDE5;
					};
					C0A6F50221E5E34000DEEDE5 = {
						CreatedOnToolsVersion = 10.1;
						TestTargetID = C0A6F4DF21E5E33F00DEEDE5;
					};
				};
			};
			buildConfigurationList = C0A6F4DB21E5E33F00DEEDE5 /* Build configuration list for PBXProject "StudyApple" */;
			compatibilityVersion = "Xcode 9.3";
			developmentRegion = en;
			hasScannedForEncodings = 0;
			knownRegions = (
				en,
				Base,
			);
			mainGroup = C0A6F4D721E5E33F00DEEDE5;
			productRefGroup = C0A6F4E121E5E33F00DEEDE5 /* Products */;
			projectDirPath = "";
			projectRoot = "";
			targets = (
				C0A6F4DF21E5E33F00DEEDE5 /* StudyApple */,
				C0A6F4F721E5E34000DEEDE5 /* StudyAppleTests */,
				C0A6F50221E5E34000DEEDE5 /* StudyAppleUITests */,
			);
		};
/* End PBXProject section */

/* Begin PBXResourcesBuildPhase section */
		C0A6F4DE21E5E33F00DEEDE5 /* Resources */ = {
			isa = PBXResourcesBuildPhase;
			buildActionMask = 2147483647;
			files = (
				C0B36F212240CCB3004346F0 /* TabBar.storyboard in Resources */,
				C021841621F5A9DA0096B7DF /* SAMovieBoard.storyboard in Resources */,
				C0A6F4F021E5E34000DEEDE5 /* LaunchScreen.storyboard in Resources */,
				C085D1E7223A695500798126 /* Me.storyboard in Resources */,
				C0A6F4ED21E5E34000DEEDE5 /* Assets.xcassets in Resources */,
				C0B36F2D2240EC3F004346F0 /* crunch.wav in Resources */,
				C0A6F51621E5EDD800DEEDE5 /* Podfile in Resources */,
				C0B36F2C2240EC3F004346F0 /* win.wav in Resources */,
				C0B36F292240E200004346F0 /* statedictionary.plist in Resources */,
				C0A6F4EB21E5E33F00DEEDE5 /* Main.storyboard in Resources */,
			);
			runOnlyForDeploymentPostprocessing = 0;
		};
		C0A6F4F621E5E34000DEEDE5 /* Resources */ = {
			isa = PBXResourcesBuildPhase;
			buildActionMask = 2147483647;
			files = (
			);
			runOnlyForDeploymentPostprocessing = 0;
		};
		C0A6F50121E5E34000DEEDE5 /* Resources */ = {
			isa = PBXResourcesBuildPhase;
			buildActionMask = 2147483647;
			files = (
			);
			runOnlyForDeploymentPostprocessing = 0;
		};
/* End PBXResourcesBuildPhase section */

/* Begin PBXShellScriptBuildPhase section */
		2FD7A52035800BDE3B248E45 /* [CP] Copy Pods Resources */ = {
			isa = PBXShellScriptBuildPhase;
			buildActionMask = 2147483647;
			files = (
			);
			inputFileListPaths = (
			);
			inputPaths = (
				"${SRCROOT}/Pods/Target Support Files/Pods-StudyApple/Pods-StudyApple-resources.sh",
				"${PODS_ROOT}/SVProgressHUD/SVProgressHUD/SVProgressHUD.bundle",
			);
			name = "[CP] Copy Pods Resources";
			outputFileListPaths = (
			);
			outputPaths = (
				"${TARGET_BUILD_DIR}/${UNLOCALIZED_RESOURCES_FOLDER_PATH}/SVProgressHUD.bundle",
			);
			runOnlyForDeploymentPostprocessing = 0;
			shellPath = /bin/sh;
			shellScript = "\"${SRCROOT}/Pods/Target Support Files/Pods-StudyApple/Pods-StudyApple-resources.sh\"\n";
			showEnvVarsInLog = 0;
		};
		B71492CABBFB2400692CAA8A /* [CP] Check Pods Manifest.lock */ = {
			isa = PBXShellScriptBuildPhase;
			buildActionMask = 2147483647;
			files = (
			);
			inputFileListPaths = (
			);
			inputPaths = (
				"${PODS_PODFILE_DIR_PATH}/Podfile.lock",
				"${PODS_ROOT}/Manifest.lock",
			);
			name = "[CP] Check Pods Manifest.lock";
			outputFileListPaths = (
			);
			outputPaths = (
				"$(DERIVED_FILE_DIR)/Pods-StudyApple-checkManifestLockResult.txt",
			);
			runOnlyForDeploymentPostprocessing = 0;
			shellPath = /bin/sh;
			shellScript = "diff \"${PODS_PODFILE_DIR_PATH}/Podfile.lock\" \"${PODS_ROOT}/Manifest.lock\" > /dev/null\nif [ $? != 0 ] ; then\n    # print error to STDERR\n    echo \"error: The sandbox is not in sync with the Podfile.lock. Run 'pod install' or update your CocoaPods installation.\" >&2\n    exit 1\nfi\n# This output is used by Xcode 'outputs' to avoid re-running this script phase.\necho \"SUCCESS\" > \"${SCRIPT_OUTPUT_FILE_0}\"\n";
			showEnvVarsInLog = 0;
		};
/* End PBXShellScriptBuildPhase section */

/* Begin PBXSourcesBuildPhase section */
		C0A6F4DC21E5E33F00DEEDE5 /* Sources */ = {
			isa = PBXSourcesBuildPhase;
			buildActionMask = 2147483647;
			files = (
				C0B36F1E2240CC33004346F0 /* SATabBarViewController.m in Sources */,
				C0839E1D21E723EA00742C27 /* SAMovie.m in Sources */,
				C0E61E9C21EF315E00D0268D /* SALoadMoreView.m in Sources */,
				C0B36F242240D26F004346F0 /* SATabBarOneViewController.m in Sources */,
				C0839E0A21E6E22800742C27 /* SACommonUtil.m in Sources */,
				C0839E2021E7240A00742C27 /* SAMovieWebService.m in Sources */,
				C00CDED0224089B8001D1A8B /* SABlueViewController.m in Sources */,
				C0A6F4E821E5E33F00DEEDE5 /* SAMainViewController.m in Sources */,
				C021841421F574B10096B7DF /* SAMovieCell.m in Sources */,
				C0A6F4F321E5E34000DEEDE5 /* main.m in Sources */,
				C0A6F4E521E5E33F00DEEDE5 /* SAAppDelegate.m in Sources */,
				C0839E1421E6F05600742C27 /* SAExploreViewController.m in Sources */,
				C0839E1121E6EE7A00742C27 /* SAMeViewController.m in Sources */,
				C0B36F272240D284004346F0 /* SATabBarTwoViewController.m in Sources */,
				C0839E1721E71DF600742C27 /* SAYellowViewController.m in Sources */,
			);
			runOnlyForDeploymentPostprocessing = 0;
		};
		C0A6F4F421E5E34000DEEDE5 /* Sources */ = {
			isa = PBXSourcesBuildPhase;
			buildActionMask = 2147483647;
			files = (
				C0A6F4FD21E5E34000DEEDE5 /* StudyAppleTests.m in Sources */,
			);
			runOnlyForDeploymentPostprocessing = 0;
		};
		C0A6F4FF21E5E34000DEEDE5 /* Sources */ = {
			isa = PBXSourcesBuildPhase;
			buildActionMask = 2147483647;
			files = (
				C0A6F50821E5E34000DEEDE5 /* StudyAppleUITests.m in Sources */,
			);
			runOnlyForDeploymentPostprocessing = 0;
		};
/* End PBXSourcesBuildPhase section */

/* Begin PBXTargetDependency section */
		C0A6F4FA21E5E34000DEEDE5 /* PBXTargetDependency */ = {
			isa = PBXTargetDependency;
			target = C0A6F4DF21E5E33F00DEEDE5 /* StudyApple */;
			targetProxy = C0A6F4F921E5E34000DEEDE5 /* PBXContainerItemProxy */;
		};
		C0A6F50521E5E34000DEEDE5 /* PBXTargetDependency */ = {
			isa = PBXTargetDependency;
			target = C0A6F4DF21E5E33F00DEEDE5 /* StudyApple */;
			targetProxy = C0A6F50421E5E34000DEEDE5 /* PBXContainerItemProxy */;
		};
/* End PBXTargetDependency section */

/* Begin PBXVariantGroup section */
		C0A6F4E921E5E33F00DEEDE5 /* Main.storyboard */ = {
			isa = PBXVariantGroup;
			children = (
				C0A6F4EA21E5E33F00DEEDE5 /* Base */,
			);
			name = Main.storyboard;
			sourceTree = "<group>";
		};
		C0A6F4EE21E5E34000DEEDE5 /* LaunchScreen.storyboard */ = {
			isa = PBXVariantGroup;
			children = (
				C0A6F4EF21E5E34000DEEDE5 /* Base */,
			);
			name = LaunchScreen.storyboard;
			sourceTree = "<group>";
		};
/* End PBXVariantGroup section */

/* Begin XCBuildConfiguration section */
		C0A6F50A21E5E34000DEEDE5 /* Debug */ = {
			isa = XCBuildConfiguration;
			buildSettings = {
				ALWAYS_SEARCH_USER_PATHS = NO;
				CLANG_ANALYZER_NONNULL = YES;
				CLANG_ANALYZER_NUMBER_OBJECT_CONVERSION = YES_AGGRESSIVE;
				CLANG_CXX_LANGUAGE_STANDARD = "gnu++14";
				CLANG_CXX_LIBRARY = "libc++";
				CLANG_ENABLE_MODULES = YES;
				CLANG_ENABLE_OBJC_ARC = YES;
				CLANG_ENABLE_OBJC_WEAK = YES;
				CLANG_WARN_BLOCK_CAPTURE_AUTORELEASING = YES;
				CLANG_WARN_BOOL_CONVERSION = YES;
				CLANG_WARN_COMMA = YES;
				CLANG_WARN_CONSTANT_CONVERSION = YES;
				CLANG_WARN_DEPRECATED_OBJC_IMPLEMENTATIONS = YES;
				CLANG_WARN_DIRECT_OBJC_ISA_USAGE = YES_ERROR;
				CLANG_WARN_DOCUMENTATION_COMMENTS = YES;
				CLANG_WARN_EMPTY_BODY = YES;
				CLANG_WARN_ENUM_CONVERSION = YES;
				CLANG_WARN_INFINITE_RECURSION = YES;
				CLANG_WARN_INT_CONVERSION = YES;
				CLANG_WARN_NON_LITERAL_NULL_CONVERSION = YES;
				CLANG_WARN_OBJC_IMPLICIT_RETAIN_SELF = YES;
				CLANG_WARN_OBJC_LITERAL_CONVERSION = YES;
				CLANG_WARN_OBJC_ROOT_CLASS = YES_ERROR;
				CLANG_WARN_RANGE_LOOP_ANALYSIS = YES;
				CLANG_WARN_STRICT_PROTOTYPES = YES;
				CLANG_WARN_SUSPICIOUS_MOVE = YES;
				CLANG_WARN_UNGUARDED_AVAILABILITY = YES_AGGRESSIVE;
				CLANG_WARN_UNREACHABLE_CODE = YES;
				CLANG_WARN__DUPLICATE_METHOD_MATCH = YES;
				CODE_SIGN_IDENTITY = "iPhone Developer";
				COPY_PHASE_STRIP = NO;
				DEBUG_INFORMATION_FORMAT = dwarf;
				ENABLE_STRICT_OBJC_MSGSEND = YES;
				ENABLE_TESTABILITY = YES;
				GCC_C_LANGUAGE_STANDARD = gnu11;
				GCC_DYNAMIC_NO_PIC = NO;
				GCC_NO_COMMON_BLOCKS = YES;
				GCC_OPTIMIZATION_LEVEL = 0;
				GCC_PREPROCESSOR_DEFINITIONS = (
					"DEBUG=1",
					"$(inherited)",
				);
				GCC_WARN_64_TO_32_BIT_CONVERSION = YES;
				GCC_WARN_ABOUT_RETURN_TYPE = YES_ERROR;
				GCC_WARN_UNDECLARED_SELECTOR = YES;
				GCC_WARN_UNINITIALIZED_AUTOS = YES_AGGRESSIVE;
				GCC_WARN_UNUSED_FUNCTION = YES;
				GCC_WARN_UNUSED_VARIABLE = YES;
				IPHONEOS_DEPLOYMENT_TARGET = 12.1;
				MTL_ENABLE_DEBUG_INFO = INCLUDE_SOURCE;
				MTL_FAST_MATH = YES;
				ONLY_ACTIVE_ARCH = YES;
				SDKROOT = iphoneos;
			};
			name = Debug;
		};
		C0A6F50B21E5E34000DEEDE5 /* Release */ = {
			isa = XCBuildConfiguration;
			buildSettings = {
				ALWAYS_SEARCH_USER_PATHS = NO;
				CLANG_ANALYZER_NONNULL = YES;
				CLANG_ANALYZER_NUMBER_OBJECT_CONVERSION = YES_AGGRESSIVE;
				CLANG_CXX_LANGUAGE_STANDARD = "gnu++14";
				CLANG_CXX_LIBRARY = "libc++";
				CLANG_ENABLE_MODULES = YES;
				CLANG_ENABLE_OBJC_ARC = YES;
				CLANG_ENABLE_OBJC_WEAK = YES;
				CLANG_WARN_BLOCK_CAPTURE_AUTORELEASING = YES;
				CLANG_WARN_BOOL_CONVERSION = YES;
				CLANG_WARN_COMMA = YES;
				CLANG_WARN_CONSTANT_CONVERSION = YES;
				CLANG_WARN_DEPRECATED_OBJC_IMPLEMENTATIONS = YES;
				CLANG_WARN_DIRECT_OBJC_ISA_USAGE = YES_ERROR;
				CLANG_WARN_DOCUMENTATION_COMMENTS = YES;
				CLANG_WARN_EMPTY_BODY = YES;
				CLANG_WARN_ENUM_CONVERSION = YES;
				CLANG_WARN_INFINITE_RECURSION = YES;
				CLANG_WARN_INT_CONVERSION = YES;
				CLANG_WARN_NON_LITERAL_NULL_CONVERSION = YES;
				CLANG_WARN_OBJC_IMPLICIT_RETAIN_SELF = YES;
				CLANG_WARN_OBJC_LITERAL_CONVERSION = YES;
				CLANG_WARN_OBJC_ROOT_CLASS = YES_ERROR;
				CLANG_WARN_RANGE_LOOP_ANALYSIS = YES;
				CLANG_WARN_STRICT_PROTOTYPES = YES;
				CLANG_WARN_SUSPICIOUS_MOVE = YES;
				CLANG_WARN_UNGUARDED_AVAILABILITY = YES_AGGRESSIVE;
				CLANG_WARN_UNREACHABLE_CODE = YES;
				CLANG_WARN__DUPLICATE_METHOD_MATCH = YES;
				CODE_SIGN_IDENTITY = "iPhone Developer";
				COPY_PHASE_STRIP = NO;
				DEBUG_INFORMATION_FORMAT = "dwarf-with-dsym";
				ENABLE_NS_ASSERTIONS = NO;
				ENABLE_STRICT_OBJC_MSGSEND = YES;
				GCC_C_LANGUAGE_STANDARD = gnu11;
				GCC_NO_COMMON_BLOCKS = YES;
				GCC_WARN_64_TO_32_BIT_CONVERSION = YES;
				GCC_WARN_ABOUT_RETURN_TYPE = YES_ERROR;
				GCC_WARN_UNDECLARED_SELECTOR = YES;
				GCC_WARN_UNINITIALIZED_AUTOS = YES_AGGRESSIVE;
				GCC_WARN_UNUSED_FUNCTION = YES;
				GCC_WARN_UNUSED_VARIABLE = YES;
				IPHONEOS_DEPLOYMENT_TARGET = 12.1;
				MTL_ENABLE_DEBUG_INFO = NO;
				MTL_FAST_MATH = YES;
				SDKROOT = iphoneos;
				VALIDATE_PRODUCT = YES;
			};
			name = Release;
		};
		C0A6F50D21E5E34000DEEDE5 /* Debug */ = {
			isa = XCBuildConfiguration;
			baseConfigurationReference = 49EB0A5D8A34435CBA0A5E13 /* Pods-StudyApple.debug.xcconfig */;
			buildSettings = {
				ASSETCATALOG_COMPILER_APPICON_NAME = AppIcon;
				CODE_SIGN_IDENTITY = "iPhone Developer";
				CODE_SIGN_STYLE = Automatic;
				DEVELOPMENT_TEAM = 45ZSD8UF58;
				INFOPLIST_FILE = StudyApple/Info.plist;
				LD_RUNPATH_SEARCH_PATHS = (
					"$(inherited)",
					"@executable_path/Frameworks",
				);
				PRODUCT_BUNDLE_IDENTIFIER = com.lzh.StudyApple;
				PRODUCT_NAME = "$(TARGET_NAME)";
				PROVISIONING_PROFILE_SPECIFIER = "";
				TARGETED_DEVICE_FAMILY = "1,2";
			};
			name = Debug;
		};
		C0A6F50E21E5E34000DEEDE5 /* Release */ = {
			isa = XCBuildConfiguration;
			baseConfigurationReference = 0352F17647B9790178C95AE5 /* Pods-StudyApple.release.xcconfig */;
			buildSettings = {
				ASSETCATALOG_COMPILER_APPICON_NAME = AppIcon;
				CODE_SIGN_IDENTITY = "iPhone Developer";
				CODE_SIGN_STYLE = Automatic;
				DEVELOPMENT_TEAM = 45ZSD8UF58;
				INFOPLIST_FILE = StudyApple/Info.plist;
				LD_RUNPATH_SEARCH_PATHS = (
					"$(inherited)",
					"@executable_path/Frameworks",
				);
				PRODUCT_BUNDLE_IDENTIFIER = com.lzh.StudyApple;
				PRODUCT_NAME = "$(TARGET_NAME)";
				PROVISIONING_PROFILE_SPECIFIER = "";
				TARGETED_DEVICE_FAMILY = "1,2";
			};
			name = Release;
		};
		C0A6F51021E5E34000DEEDE5 /* Debug */ = {
			isa = XCBuildConfiguration;
			buildSettings = {
				BUNDLE_LOADER = "$(TEST_HOST)";
				CODE_SIGN_STYLE = Automatic;
				INFOPLIST_FILE = StudyAppleTests/Info.plist;
				LD_RUNPATH_SEARCH_PATHS = (
					"$(inherited)",
					"@executable_path/Frameworks",
					"@loader_path/Frameworks",
				);
				PRODUCT_BUNDLE_IDENTIFIER = com.lzh.StudyAppleTests;
				PRODUCT_NAME = "$(TARGET_NAME)";
				TARGETED_DEVICE_FAMILY = "1,2";
				TEST_HOST = "$(BUILT_PRODUCTS_DIR)/StudyApple.app/StudyApple";
			};
			name = Debug;
		};
		C0A6F51121E5E34000DEEDE5 /* Release */ = {
			isa = XCBuildConfiguration;
			buildSettings = {
				BUNDLE_LOADER = "$(TEST_HOST)";
				CODE_SIGN_STYLE = Automatic;
				INFOPLIST_FILE = StudyAppleTests/Info.plist;
				LD_RUNPATH_SEARCH_PATHS = (
					"$(inherited)",
					"@executable_path/Frameworks",
					"@loader_path/Frameworks",
				);
				PRODUCT_BUNDLE_IDENTIFIER = com.lzh.StudyAppleTests;
				PRODUCT_NAME = "$(TARGET_NAME)";
				TARGETED_DEVICE_FAMILY = "1,2";
				TEST_HOST = "$(BUILT_PRODUCTS_DIR)/StudyApple.app/StudyApple";
			};
			name = Release;
		};
		C0A6F51321E5E34000DEEDE5 /* Debug */ = {
			isa = XCBuildConfiguration;
			buildSettings = {
				CODE_SIGN_STYLE = Automatic;
				INFOPLIST_FILE = StudyAppleUITests/Info.plist;
				LD_RUNPATH_SEARCH_PATHS = (
					"$(inherited)",
					"@executable_path/Frameworks",
					"@loader_path/Frameworks",
				);
				PRODUCT_BUNDLE_IDENTIFIER = com.lzh.StudyAppleUITests;
				PRODUCT_NAME = "$(TARGET_NAME)";
				TARGETED_DEVICE_FAMILY = "1,2";
				TEST_TARGET_NAME = StudyApple;
			};
			name = Debug;
		};
		C0A6F51421E5E34000DEEDE5 /* Release */ = {
			isa = XCBuildConfiguration;
			buildSettings = {
				CODE_SIGN_STYLE = Automatic;
				INFOPLIST_FILE = StudyAppleUITests/Info.plist;
				LD_RUNPATH_SEARCH_PATHS = (
					"$(inherited)",
					"@executable_path/Frameworks",
					"@loader_path/Frameworks",
				);
				PRODUCT_BUNDLE_IDENTIFIER = com.lzh.StudyAppleUITests;
				PRODUCT_NAME = "$(TARGET_NAME)";
				TARGETED_DEVICE_FAMILY = "1,2";
				TEST_TARGET_NAME = StudyApple;
			};
			name = Release;
		};
/* End XCBuildConfiguration section */

/* Begin XCConfigurationList section */
		C0A6F4DB21E5E33F00DEEDE5 /* Build configuration list for PBXProject "StudyApple" */ = {
			isa = XCConfigurationList;
			buildConfigurations = (
				C0A6F50A21E5E34000DEEDE5 /* Debug */,
				C0A6F50B21E5E34000DEEDE5 /* Release */,
			);
			defaultConfigurationIsVisible = 0;
			defaultConfigurationName = Release;
		};
		C0A6F50C21E5E34000DEEDE5 /* Build configuration list for PBXNativeTarget "StudyApple" */ = {
			isa = XCConfigurationList;
			buildConfigurations = (
				C0A6F50D21E5E34000DEEDE5 /* Debug */,
				C0A6F50E21E5E34000DEEDE5 /* Release */,
			);
			defaultConfigurationIsVisible = 0;
			defaultConfigurationName = Release;
		};
		C0A6F50F21E5E34000DEEDE5 /* Build configuration list for PBXNativeTarget "StudyAppleTests" */ = {
			isa = XCConfigurationList;
			buildConfigurations = (
				C0A6F51021E5E34000DEEDE5 /* Debug */,
				C0A6F51121E5E34000DEEDE5 /* Release */,
			);
			defaultConfigurationIsVisible = 0;
			defaultConfigurationName = Release;
		};
		C0A6F51221E5E34000DEEDE5 /* Build configuration list for PBXNativeTarget "StudyAppleUITests" */ = {
			isa = XCConfigurationList;
			buildConfigurations = (
				C0A6F51321E5E34000DEEDE5 /* Debug */,
				C0A6F51421E5E34000DEEDE5 /* Release */,
			);
			defaultConfigurationIsVisible = 0;
			defaultConfigurationName = Release;
		};
/* End XCConfigurationList section */
	};
	rootObject = C0A6F4D821E5E33F00DEEDE5 /* Project object */;
}
